// !$*UTF8*$!
{
	archiveVersion = 1;
	classes = {
	};
	objectVersion = 50;
	objects = {

/* Begin PBXBuildFile section */
		7D644A55266A675C001AEEDC /* AppDelegate.swift in Sources */ = {isa = PBXBuildFile; fileRef = 7D644A54266A675C001AEEDC /* AppDelegate.swift */; };
		7D644A57266A675C001AEEDC /* SceneDelegate.swift in Sources */ = {isa = PBXBuildFile; fileRef = 7D644A56266A675C001AEEDC /* SceneDelegate.swift */; };
		7D644A59266A675C001AEEDC /* VideoFeedVC.swift in Sources */ = {isa = PBXBuildFile; fileRef = 7D644A58266A675C001AEEDC /* VideoFeedVC.swift */; };
		7D644A5C266A675C001AEEDC /* VideoFeedVC.storyboard in Resources */ = {isa = PBXBuildFile; fileRef = 7D644A5A266A675C001AEEDC /* VideoFeedVC.storyboard */; };
		7D644A5E266A675E001AEEDC /* Assets.xcassets in Resources */ = {isa = PBXBuildFile; fileRef = 7D644A5D266A675E001AEEDC /* Assets.xcassets */; };
		7D644A61266A675E001AEEDC /* LaunchScreen.storyboard in Resources */ = {isa = PBXBuildFile; fileRef = 7D644A5F266A675E001AEEDC /* LaunchScreen.storyboard */; };
		7D644A71266A6E3D001AEEDC /* Constants.swift in Sources */ = {isa = PBXBuildFile; fileRef = 7D644A70266A6E3D001AEEDC /* Constants.swift */; };
		7D644A74266A6ED0001AEEDC /* VideoCell.swift in Sources */ = {isa = PBXBuildFile; fileRef = 7D644A73266A6ED0001AEEDC /* VideoCell.swift */; };
		7DD51990266E727500256F78 /* UIImageView+Extension.swift in Sources */ = {isa = PBXBuildFile; fileRef = 7DD5198F266E727500256F78 /* UIImageView+Extension.swift */; };
		7DD51A192670DA4A00256F78 /* VideoDetailsVC.storyboard in Resources */ = {isa = PBXBuildFile; fileRef = 7DD51A182670DA4A00256F78 /* VideoDetailsVC.storyboard */; };
		7DD51A1C2670DA5C00256F78 /* VideoDetailsVC.swift in Sources */ = {isa = PBXBuildFile; fileRef = 7DD51A1B2670DA5C00256F78 /* VideoDetailsVC.swift */; };
		7DD51A1F2670F0A600256F78 /* Storyboard+Extension.swift in Sources */ = {isa = PBXBuildFile; fileRef = 7DD51A1E2670F0A600256F78 /* Storyboard+Extension.swift */; };
/* End PBXBuildFile section */

/* Begin PBXFileReference section */
		7D644A51266A675C001AEEDC /* VideoStreaming.app */ = {isa = PBXFileReference; explicitFileType = wrapper.application; includeInIndex = 0; path = VideoStreaming.app; sourceTree = BUILT_PRODUCTS_DIR; };
		7D644A54266A675C001AEEDC /* AppDelegate.swift */ = {isa = PBXFileReference; lastKnownFileType = sourcecode.swift; path = AppDelegate.swift; sourceTree = "<group>"; };
		7D644A56266A675C001AEEDC /* SceneDelegate.swift */ = {isa = PBXFileReference; lastKnownFileType = sourcecode.swift; path = SceneDelegate.swift; sourceTree = "<group>"; };
		7D644A58266A675C001AEEDC /* VideoFeedVC.swift */ = {isa = PBXFileReference; lastKnownFileType = sourcecode.swift; path = VideoFeedVC.swift; sourceTree = "<group>"; };
		7D644A5B266A675C001AEEDC /* Base */ = {isa = PBXFileReference; lastKnownFileType = file.storyboard; name = Base; path = Base.lproj/VideoFeedVC.storyboard; sourceTree = "<group>"; };
		7D644A5D266A675E001AEEDC /* Assets.xcassets */ = {isa = PBXFileReference; lastKnownFileType = folder.assetcatalog; path = Assets.xcassets; sourceTree = "<group>"; };
		7D644A60266A675E001AEEDC /* Base */ = {isa = PBXFileReference; lastKnownFileType = file.storyboard; name = Base; path = Base.lproj/LaunchScreen.storyboard; sourceTree = "<group>"; };
		7D644A62266A675E001AEEDC /* Info.plist */ = {isa = PBXFileReference; lastKnownFileType = text.plist.xml; path = Info.plist; sourceTree = "<group>"; };
		7D644A70266A6E3D001AEEDC /* Constants.swift */ = {isa = PBXFileReference; lastKnownFileType = sourcecode.swift; path = Constants.swift; sourceTree = "<group>"; };
		7D644A73266A6ED0001AEEDC /* VideoCell.swift */ = {isa = PBXFileReference; lastKnownFileType = sourcecode.swift; path = VideoCell.swift; sourceTree = "<group>"; };
		7DD5198F266E727500256F78 /* UIImageView+Extension.swift */ = {isa = PBXFileReference; lastKnownFileType = sourcecode.swift; path = "UIImageView+Extension.swift"; sourceTree = "<group>"; };
		7DD51A182670DA4A00256F78 /* VideoDetailsVC.storyboard */ = {isa = PBXFileReference; lastKnownFileType = file.storyboard; path = VideoDetailsVC.storyboard; sourceTree = "<group>"; };
		7DD51A1B2670DA5C00256F78 /* VideoDetailsVC.swift */ = {isa = PBXFileReference; lastKnownFileType = sourcecode.swift; path = VideoDetailsVC.swift; sourceTree = "<group>"; };
		7DD51A1E2670F0A600256F78 /* Storyboard+Extension.swift */ = {isa = PBXFileReference; lastKnownFileType = sourcecode.swift; path = "Storyboard+Extension.swift"; sourceTree = "<group>"; };
/* End PBXFileReference section */

/* Begin PBXFrameworksBuildPhase section */
		7D644A4E266A675C001AEEDC /* Frameworks */ = {
			isa = PBXFrameworksBuildPhase;
			buildActionMask = 2147483647;
			files = (
			);
			runOnlyForDeploymentPostprocessing = 0;
		};
/* End PBXFrameworksBuildPhase section */

/* Begin PBXGroup section */
		7D644A48266A675C001AEEDC = {
			isa = PBXGroup;
			children = (
				7D644A53266A675C001AEEDC /* VideoStreaming */,
				7D644A52266A675C001AEEDC /* Products */,
			);
			sourceTree = "<group>";
		};
		7D644A52266A675C001AEEDC /* Products */ = {
			isa = PBXGroup;
			children = (
				7D644A51266A675C001AEEDC /* VideoStreaming.app */,
			);
			name = Products;
			sourceTree = "<group>";
		};
		7D644A53266A675C001AEEDC /* VideoStreaming */ = {
			isa = PBXGroup;
			children = (
				7D644A54266A675C001AEEDC /* AppDelegate.swift */,
				7D644A56266A675C001AEEDC /* SceneDelegate.swift */,
				7D644A62266A675E001AEEDC /* Info.plist */,
				7D644A69266A677D001AEEDC /* Screens */,
				7D644A6A266A6786001AEEDC /* Tools */,
				7DD51A072670D60B00256F78 /* Router */,
				7D644A5D266A675E001AEEDC /* Assets.xcassets */,
			);
			path = VideoStreaming;
			sourceTree = "<group>";
		};
		7D644A69266A677D001AEEDC /* Screens */ = {
			isa = PBXGroup;
			children = (
				7D644A5F266A675E001AEEDC /* LaunchScreen.storyboard */,
				7D644A6B266A67B8001AEEDC /* VideoFeedVC */,
				7DD51A172670DA1200256F78 /* VideoDetails */,
			);
			path = Screens;
			sourceTree = "<group>";
		};
		7D644A6A266A6786001AEEDC /* Tools */ = {
			isa = PBXGroup;
			children = (
				7D644A70266A6E3D001AEEDC /* Constants.swift */,
				7DD5198F266E727500256F78 /* UIImageView+Extension.swift */,
			);
			path = Tools;
			sourceTree = "<group>";
		};
		7D644A6B266A67B8001AEEDC /* VideoFeedVC */ = {
			isa = PBXGroup;
			children = (
				7D644A5A266A675C001AEEDC /* VideoFeedVC.storyboard */,
				7D644A58266A675C001AEEDC /* VideoFeedVC.swift */,
				7D644A73266A6ED0001AEEDC /* VideoCell.swift */,
			);
			path = VideoFeedVC;
			sourceTree = "<group>";
		};
		7DD51A072670D60B00256F78 /* Router */ = {
			isa = PBXGroup;
			children = (
				7DD51A1E2670F0A600256F78 /* Storyboard+Extension.swift */,
			);
			path = Router;
			sourceTree = "<group>";
		};
		7DD51A172670DA1200256F78 /* VideoDetails */ = {
			isa = PBXGroup;
			children = (
				7DD51A182670DA4A00256F78 /* VideoDetailsVC.storyboard */,
				7DD51A1B2670DA5C00256F78 /* VideoDetailsVC.swift */,
			);
			path = VideoDetails;
			sourceTree = "<group>";
		};
/* End PBXGroup section */

/* Begin PBXNativeTarget section */
		7D644A50266A675C001AEEDC /* VideoStreaming */ = {
			isa = PBXNativeTarget;
			buildConfigurationList = 7D644A65266A675E001AEEDC /* Build configuration list for PBXNativeTarget "VideoStreaming" */;
			buildPhases = (
				7D644A4D266A675C001AEEDC /* Sources */,
				7D644A4E266A675C001AEEDC /* Frameworks */,
				7D644A4F266A675C001AEEDC /* Resources */,
			);
			buildRules = (
			);
			dependencies = (
			);
			name = VideoStreaming;
			productName = VideoStreaming;
			productReference = 7D644A51266A675C001AEEDC /* VideoStreaming.app */;
			productType = "com.apple.product-type.application";
		};
/* End PBXNativeTarget section */

/* Begin PBXProject section */
		7D644A49266A675C001AEEDC /* Project object */ = {
			isa = PBXProject;
			attributes = {
				LastSwiftUpdateCheck = 1240;
				LastUpgradeCheck = 1240;
				TargetAttributes = {
					7D644A50266A675C001AEEDC = {
						CreatedOnToolsVersion = 12.4;
					};
				};
			};
			buildConfigurationList = 7D644A4C266A675C001AEEDC /* Build configuration list for PBXProject "VideoStreaming" */;
			compatibilityVersion = "Xcode 9.3";
			developmentRegion = en;
			hasScannedForEncodings = 0;
			knownRegions = (
				en,
				Base,
			);
			mainGroup = 7D644A48266A675C001AEEDC;
			productRefGroup = 7D644A52266A675C001AEEDC /* Products */;
			projectDirPath = "";
			projectRoot = "";
			targets = (
				7D644A50266A675C001AEEDC /* VideoStreaming */,
			);
		};
/* End PBXProject section */

/* Begin PBXResourcesBuildPhase section */
		7D644A4F266A675C001AEEDC /* Resources */ = {
			isa = PBXResourcesBuildPhase;
			buildActionMask = 2147483647;
			files = (
				7D644A61266A675E001AEEDC /* LaunchScreen.storyboard in Resources */,
				7D644A5E266A675E001AEEDC /* Assets.xcassets in Resources */,
				7D644A5C266A675C001AEEDC /* VideoFeedVC.storyboard in Resources */,
				7DD51A192670DA4A00256F78 /* VideoDetailsVC.storyboard in Resources */,
			);
			runOnlyForDeploymentPostprocessing = 0;
		};
/* End PBXResourcesBuildPhase section */

/* Begin PBXSourcesBuildPhase section */
		7D644A4D266A675C001AEEDC /* Sources */ = {
			isa = PBXSourcesBuildPhase;
			buildActionMask = 2147483647;
			files = (
				7DD51990266E727500256F78 /* UIImageView+Extension.swift in Sources */,
				7DD51A1C2670DA5C00256F78 /* VideoDetailsVC.swift in Sources */,
				7DD51A1F2670F0A600256F78 /* Storyboard+Extension.swift in Sources */,
				7D644A59266A675C001AEEDC /* VideoFeedVC.swift in Sources */,
				7D644A55266A675C001AEEDC /* AppDelegate.swift in Sources */,
				7D644A57266A675C001AEEDC /* SceneDelegate.swift in Sources */,
				7D644A71266A6E3D001AEEDC /* Constants.swift in Sources */,
				7D644A74266A6ED0001AEEDC /* VideoCell.swift in Sources */,
			);
			runOnlyForDeploymentPostprocessing = 0;
		};
/* End PBXSourcesBuildPhase section */

/* Begin PBXVariantGroup section */
		7D644A5A266A675C001AEEDC /* VideoFeedVC.storyboard */ = {
			isa = PBXVariantGroup;
			children = (
				7D644A5B266A675C001AEEDC /* Base */,
			);
			name = VideoFeedVC.storyboard;
			sourceTree = "<group>";
		};
		7D644A5F266A675E001AEEDC /* LaunchScreen.storyboard */ = {
			isa = PBXVariantGroup;
			children = (
				7D644A60266A675E001AEEDC /* Base */,
			);
			name = LaunchScreen.storyboard;
			sourceTree = "<group>";
		};
/* End PBXVariantGroup section */

/* Begin XCBuildConfiguration section */
		7D644A63266A675E001AEEDC /* Debug */ = {
			isa = XCBuildConfiguration;
			buildSettings = {
				ALWAYS_SEARCH_USER_PATHS = NO;
				CLANG_ANALYZER_NONNULL = YES;
				CLANG_ANALYZER_NUMBER_OBJECT_CONVERSION = YES_AGGRESSIVE;
				CLANG_CXX_LANGUAGE_STANDARD = "gnu++14";
				CLANG_CXX_LIBRARY = "libc++";
				CLANG_ENABLE_MODULES = YES;
				CLANG_ENABLE_OBJC_ARC = YES;
				CLANG_ENABLE_OBJC_WEAK = YES;
				CLANG_WARN_BLOCK_CAPTURE_AUTORELEASING = YES;
				CLANG_WARN_BOOL_CONVERSION = YES;
				CLANG_WARN_COMMA = YES;
				CLANG_WARN_CONSTANT_CONVERSION = YES;
				CLANG_WARN_DEPRECATED_OBJC_IMPLEMENTATIONS = YES;
				CLANG_WARN_DIRECT_OBJC_ISA_USAGE = YES_ERROR;
				CLANG_WARN_DOCUMENTATION_COMMENTS = YES;
				CLANG_WARN_EMPTY_BODY = YES;
				CLANG_WARN_ENUM_CONVERSION = YES;
				CLANG_WARN_INFINITE_RECURSION = YES;
				CLANG_WARN_INT_CONVERSION = YES;
				CLANG_WARN_NON_LITERAL_NULL_CONVERSION = YES;
				CLANG_WARN_OBJC_IMPLICIT_RETAIN_SELF = YES;
				CLANG_WARN_OBJC_LITERAL_CONVERSION = YES;
				CLANG_WARN_OBJC_ROOT_CLASS = YES_ERROR;
				CLANG_WARN_QUOTED_INCLUDE_IN_FRAMEWORK_HEADER = YES;
				CLANG_WARN_RANGE_LOOP_ANALYSIS = YES;
				CLANG_WARN_STRICT_PROTOTYPES = YES;
				CLANG_WARN_SUSPICIOUS_MOVE = YES;
				CLANG_WARN_UNGUARDED_AVAILABILITY = YES_AGGRESSIVE;
				CLANG_WARN_UNREACHABLE_CODE = YES;
				CLANG_WARN__DUPLICATE_METHOD_MATCH = YES;
				COPY_PHASE_STRIP = NO;
				DEBUG_INFORMATION_FORMAT = dwarf;
				ENABLE_STRICT_OBJC_MSGSEND = YES;
				ENABLE_TESTABILITY = YES;
				GCC_C_LANGUAGE_STANDARD = gnu11;
				GCC_DYNAMIC_NO_PIC = NO;
				GCC_NO_COMMON_BLOCKS = YES;
				GCC_OPTIMIZATION_LEVEL = 0;
				GCC_PREPROCESSOR_DEFINITIONS = (
					"DEBUG=1",
					"$(inherited)",
				);
				GCC_WARN_64_TO_32_BIT_CONVERSION = YES;
				GCC_WARN_ABOUT_RETURN_TYPE = YES_ERROR;
				GCC_WARN_UNDECLARED_SELECTOR = YES;
				GCC_WARN_UNINITIALIZED_AUTOS = YES_AGGRESSIVE;
				GCC_WARN_UNUSED_FUNCTION = YES;
				GCC_WARN_UNUSED_VARIABLE = YES;
				IPHONEOS_DEPLOYMENT_TARGET = 14.4;
				MTL_ENABLE_DEBUG_INFO = INCLUDE_SOURCE;
				MTL_FAST_MATH = YES;
				ONLY_ACTIVE_ARCH = YES;
				SDKROOT = iphoneos;
				SWIFT_ACTIVE_COMPILATION_CONDITIONS = DEBUG;
				SWIFT_OPTIMIZATION_LEVEL = "-Onone";
			};
			name = Debug;
		};
		7D644A64266A675E001AEEDC /* Release */ = {
			isa = XCBuildConfiguration;
			buildSettings = {
				ALWAYS_SEARCH_USER_PATHS = NO;
				CLANG_ANALYZER_NONNULL = YES;
				CLANG_ANALYZER_NUMBER_OBJECT_CONVERSION = YES_AGGRESSIVE;
				CLANG_CXX_LANGUAGE_STANDARD = "gnu++14";
				CLANG_CXX_LIBRARY = "libc++";
				CLANG_ENABLE_MODULES = YES;
				CLANG_ENABLE_OBJC_ARC = YES;
				CLANG_ENABLE_OBJC_WEAK = YES;
				CLANG_WARN_BLOCK_CAPTURE_AUTORELEASING = YES;
				CLANG_WARN_BOOL_CONVERSION = YES;
				CLANG_WARN_COMMA = YES;
				CLANG_WARN_CONSTANT_CONVERSION = YES;
				CLANG_WARN_DEPRECATED_OBJC_IMPLEMENTATIONS = YES;
				CLANG_WARN_DIRECT_OBJC_ISA_USAGE = YES_ERROR;
				CLANG_WARN_DOCUMENTATION_COMMENTS = YES;
				CLANG_WARN_EMPTY_BODY = YES;
				CLANG_WARN_ENUM_CONVERSION = YES;
				CLANG_WARN_INFINITE_RECURSION = YES;
				CLANG_WARN_INT_CONVERSION = YES;
				CLANG_WARN_NON_LITERAL_NULL_CONVERSION = YES;
				CLANG_WARN_OBJC_IMPLICIT_RETAIN_SELF = YES;
				CLANG_WARN_OBJC_LITERAL_CONVERSION = YES;
				CLANG_WARN_OBJC_ROOT_CLASS = YES_ERROR;
				CLANG_WARN_QUOTED_INCLUDE_IN_FRAMEWORK_HEADER = YES;
				CLANG_WARN_RANGE_LOOP_ANALYSIS = YES;
				CLANG_WARN_STRICT_PROTOTYPES = YES;
				CLANG_WARN_SUSPICIOUS_MOVE = YES;
				CLANG_WARN_UNGUARDED_AVAILABILITY = YES_AGGRESSIVE;
				CLANG_WARN_UNREACHABLE_CODE = YES;
				CLANG_WARN__DUPLICATE_METHOD_MATCH = YES;
				COPY_PHASE_STRIP = NO;
				DEBUG_INFORMATION_FORMAT = "dwarf-with-dsym";
				ENABLE_NS_ASSERTIONS = NO;
				ENABLE_STRICT_OBJC_MSGSEND = YES;
				GCC_C_LANGUAGE_STANDARD = gnu11;
				GCC_NO_COMMON_BLOCKS = YES;
				GCC_WARN_64_TO_32_BIT_CONVERSION = YES;
				GCC_WARN_ABOUT_RETURN_TYPE = YES_ERROR;
				GCC_WARN_UNDECLARED_SELECTOR = YES;
				GCC_WARN_UNINITIALIZED_AUTOS = YES_AGGRESSIVE;
				GCC_WARN_UNUSED_FUNCTION = YES;
				GCC_WARN_UNUSED_VARIABLE = YES;
				IPHONEOS_DEPLOYMENT_TARGET = 14.4;
				MTL_ENABLE_DEBUG_INFO = NO;
				MTL_FAST_MATH = YES;
				SDKROOT = iphoneos;
				SWIFT_COMPILATION_MODE = wholemodule;
				SWIFT_OPTIMIZATION_LEVEL = "-O";
				VALIDATE_PRODUCT = YES;
			};
			name = Release;
		};
		7D644A66266A675E001AEEDC /* Debug */ = {
			isa = XCBuildConfiguration;
			buildSettings = {
				ASSETCATALOG_COMPILER_APPICON_NAME = AppIcon;
				ASSETCATALOG_COMPILER_GLOBAL_ACCENT_COLOR_NAME = AccentColor;
				CODE_SIGN_STYLE = Automatic;
				DEVELOPMENT_TEAM = PMZT9C66M8;
				INFOPLIST_FILE = VideoStreaming/Info.plist;
				LD_RUNPATH_SEARCH_PATHS = (
					"$(inherited)",
					"@executable_path/Frameworks",
				);
				PRODUCT_BUNDLE_IDENTIFIER = com.dev.honcharov.VideoStreaming;
				PRODUCT_NAME = "$(TARGET_NAME)";
				SWIFT_VERSION = 5.0;
				TARGETED_DEVICE_FAMILY = "1,2";
			};
			name = Debug;
		};
		7D644A67266A675E001AEEDC /* Release */ = {
			isa = XCBuildConfiguration;
			buildSettings = {
				ASSETCATALOG_COMPILER_APPICON_NAME = AppIcon;
				ASSETCATALOG_COMPILER_GLOBAL_ACCENT_COLOR_NAME = AccentColor;
				CODE_SIGN_STYLE = Automatic;
				DEVELOPMENT_TEAM = PMZT9C66M8;
				INFOPLIST_FILE = VideoStreaming/Info.plist;
				LD_RUNPATH_SEARCH_PATHS = (
					"$(inherited)",
					"@executable_path/Frameworks",
				);
				PRODUCT_BUNDLE_IDENTIFIER = com.dev.honcharov.VideoStreaming;
				PRODUCT_NAME = "$(TARGET_NAME)";
				SWIFT_VERSION = 5.0;
				TARGETED_DEVICE_FAMILY = "1,2";
			};
			name = Release;
		};
/* End XCBuildConfiguration section */

/* Begin XCConfigurationList section */
		7D644A4C266A675C001AEEDC /* Build configuration list for PBXProject "VideoStreaming" */ = {
			isa = XCConfigurationList;
			buildConfigurations = (
				7D644A63266A675E001AEEDC /* Debug */,
				7D644A64266A675E001AEEDC /* Release */,
			);
			defaultConfigurationIsVisible = 0;
			defaultConfigurationName = Release;
		};
		7D644A65266A675E001AEEDC /* Build configuration list for PBXNativeTarget "VideoStreaming" */ = {
			isa = XCConfigurationList;
			buildConfigurations = (
				7D644A66266A675E001AEEDC /* Debug */,
				7D644A67266A675E001AEEDC /* Release */,
			);
			defaultConfigurationIsVisible = 0;
			defaultConfigurationName = Release;
		};
/* End XCConfigurationList section */
	};
	rootObject = 7D644A49266A675C001AEEDC /* Project object */;
}
